{
  "version": 4,
  "terraform_version": "0.12.28",
  "serial": 8,
  "lineage": "96795302-574e-3306-b4d9-76ca39892b18",
  "outputs": {
    "recipehub_website_bucket_id": {
      "value": "recipehub-website",
      "type": "string"
    }
  },
  "resources": [
    {
      "mode": "managed",
      "type": "aws_s3_bucket",
      "name": "recipehub_website_bucket",
      "provider": "provider.aws",
      "instances": [
        {
          "schema_version": 0,
          "attributes": {
            "acceleration_status": "",
            "acl": "public-read",
            "arn": "arn:aws:s3:::recipehub-website",
            "bucket": "recipehub-website",
            "bucket_domain_name": "recipehub-website.s3.amazonaws.com",
            "bucket_prefix": null,
            "bucket_regional_domain_name": "recipehub-website.s3.ap-southeast-2.amazonaws.com",
            "cors_rule": [],
            "force_destroy": true,
            "grant": [],
            "hosted_zone_id": "Z1WCIGYICN2BYD",
            "id": "recipehub-website",
            "lifecycle_rule": [],
            "logging": [],
            "object_lock_configuration": [],
            "policy": null,
            "region": "ap-southeast-2",
            "replication_configuration": [],
            "request_payer": "BucketOwner",
            "server_side_encryption_configuration": [],
            "tags": {},
            "versioning": [
              {
                "enabled": false,
                "mfa_delete": false
              }
            ],
            "website": [
              {
                "error_document": "index.html",
                "index_document": "index.html",
                "redirect_all_requests_to": "",
                "routing_rules": ""
              }
            ],
            "website_domain": "s3-website-ap-southeast-2.amazonaws.com",
            "website_endpoint": "recipehub-website.s3-website-ap-southeast-2.amazonaws.com"
          },
          "private": "bnVsbA=="
        }
      ]
    }
  ]
}
